<?xml version="1.0" encoding="utf-8"?>
<Project ToolsVersion="4.0" xmlns="http://schemas.microsoft.com/developer/msbuild/2003">
  <ItemGroup>
    <FxCompile Include="ColorShader.fx" />
    <FxCompile Include="Transform.fx">
      <Filter>Header</Filter>
    </FxCompile>
    <FxCompile Include="RenderBase.fx">
      <Filter>Header</Filter>
    </FxCompile>
    <FxCompile Include="TextureShader.fx">
      <Filter>2D</Filter>
    </FxCompile>
    <FxCompile Include="DebugColorShader.fx">
      <Filter>Debug</Filter>
    </FxCompile>
    <FxCompile Include="DebugLineShader.fx">
      <Filter>Debug</Filter>
    </FxCompile>
    <FxCompile Include="TargetMerge.fx">
      <Filter>Target</Filter>
    </FxCompile>
    <FxCompile Include="FadePostEffect.fx">
      <Filter>Effect</Filter>
    </FxCompile>
    <FxCompile Include="BlurPostEffect.fx">
      <Filter>Effect</Filter>
    </FxCompile>
    <FxCompile Include="Function.fx">
      <Filter>Header</Filter>
    </FxCompile>
  </ItemGroup>
  <ItemGroup>
    <Filter Include="Header">
      <UniqueIdentifier>{f1bdf6f3-34a6-4c1e-b224-0da109c95c25}</UniqueIdentifier>
    </Filter>
    <Filter Include="2D">
      <UniqueIdentifier>{b3a9e929-f31d-4a73-9050-c7d4f7daab79}</UniqueIdentifier>
    </Filter>
    <Filter Include="Debug">
      <UniqueIdentifier>{6d436437-cf7b-48c9-9ce5-02f9de3fdc23}</UniqueIdentifier>
    </Filter>
    <Filter Include="Target">
      <UniqueIdentifier>{a45d7b16-2604-4f97-bf2c-c8d17cf03b90}</UniqueIdentifier>
    </Filter>
    <Filter Include="Effect">
      <UniqueIdentifier>{b67d8136-c220-49d0-9958-f347ca0db78d}</UniqueIdentifier>
    </Filter>
  </ItemGroup>
</Project>