<?xml version="1.0" encoding="utf-8"?>
<Project ToolsVersion="4.0" xmlns="http://schemas.microsoft.com/developer/msbuild/2003">
  <ItemGroup>
    <ClCompile Include="ContentsCore.cpp" />
    <ClCompile Include="PreCompile.cpp" />
    <ClCompile Include="PlayLevel.cpp">
      <Filter>Level</Filter>
    </ClCompile>
    <ClCompile Include="TitleLevel.cpp">
      <Filter>Level\Title</Filter>
    </ClCompile>
    <ClCompile Include="BackGround.cpp">
      <Filter>Object</Filter>
    </ClCompile>
    <ClCompile Include="BackCloud.cpp">
      <Filter>Level\Title</Filter>
    </ClCompile>
    <ClCompile Include="TownSky.cpp">
      <Filter>Level\Town</Filter>
    </ClCompile>
    <ClCompile Include="FrontCloud.cpp">
      <Filter>Level\Title</Filter>
    </ClCompile>
    <ClCompile Include="MainLogo.cpp">
      <Filter>Level\Title</Filter>
    </ClCompile>
    <ClCompile Include="TownFloor.cpp">
      <Filter>Level\Town</Filter>
    </ClCompile>
    <ClCompile Include="TownLevel.cpp">
      <Filter>Level\Town</Filter>
    </ClCompile>
    <ClCompile Include="Player.cpp">
      <Filter>Object\Player</Filter>
    </ClCompile>
    <ClCompile Include="Player_State.cpp">
      <Filter>Object\Player</Filter>
    </ClCompile>
    <ClCompile Include="DebugFloor.cpp">
      <Filter>Level\Town</Filter>
    </ClCompile>
    <ClCompile Include="TestMap.cpp">
      <Filter>Level\Town</Filter>
    </ClCompile>
    <ClCompile Include="TownSecondFloorLeft.cpp">
      <Filter>Level\Town</Filter>
    </ClCompile>
    <ClCompile Include="TownSecondFloorRight.cpp">
      <Filter>Level\Town</Filter>
    </ClCompile>
    <ClCompile Include="TownSecondFloorMiddle.cpp">
      <Filter>Level\Town</Filter>
    </ClCompile>
    <ClCompile Include="TitleBird.cpp">
      <Filter>Level\Title</Filter>
    </ClCompile>
    <ClCompile Include="TownBuilding.cpp">
      <Filter>Level\Town</Filter>
    </ClCompile>
    <ClCompile Include="TownNPCBlackSmith.cpp">
      <Filter>Level\Town\NPC</Filter>
    </ClCompile>
    <ClCompile Include="TownNPCMerchant.cpp">
      <Filter>Level\Town\NPC</Filter>
    </ClCompile>
    <ClCompile Include="TownNPCCommander.cpp">
      <Filter>Level\Town\NPC</Filter>
    </ClCompile>
    <ClCompile Include="TownNPCBoutique.cpp">
      <Filter>Level\Town\NPC</Filter>
    </ClCompile>
    <ClCompile Include="TownNPCPistolMan.cpp">
      <Filter>Level\Town\NPC</Filter>
    </ClCompile>
    <ClCompile Include="TownNPCTemple.cpp">
      <Filter>Level\Town\NPC</Filter>
    </ClCompile>
  </ItemGroup>
  <ItemGroup>
    <ClInclude Include="ContentsCore.h" />
    <ClInclude Include="PreCompile.h" />
    <ClInclude Include="PlayLevel.h">
      <Filter>Level</Filter>
    </ClInclude>
    <ClInclude Include="ContentsEnum.h">
      <Filter>Global</Filter>
    </ClInclude>
    <ClInclude Include="TitleLevel.h">
      <Filter>Level\Title</Filter>
    </ClInclude>
    <ClInclude Include="BackGround.h">
      <Filter>Object</Filter>
    </ClInclude>
    <ClInclude Include="BackCloud.h">
      <Filter>Level\Title</Filter>
    </ClInclude>
    <ClInclude Include="TownSky.h">
      <Filter>Level\Town</Filter>
    </ClInclude>
    <ClInclude Include="FrontCloud.h">
      <Filter>Level\Title</Filter>
    </ClInclude>
    <ClInclude Include="MainLogo.h">
      <Filter>Level\Title</Filter>
    </ClInclude>
    <ClInclude Include="TownFloor.h">
      <Filter>Level\Town</Filter>
    </ClInclude>
    <ClInclude Include="TownLevel.h">
      <Filter>Level\Town</Filter>
    </ClInclude>
    <ClInclude Include="Player.h">
      <Filter>Object\Player</Filter>
    </ClInclude>
    <ClInclude Include="DebugFloor.h">
      <Filter>Level\Town</Filter>
    </ClInclude>
    <ClInclude Include="TestMap.h">
      <Filter>Level\Town</Filter>
    </ClInclude>
    <ClInclude Include="TownSecondFloorLeft.h">
      <Filter>Level\Town</Filter>
    </ClInclude>
    <ClInclude Include="TownSecondFloorRight.h">
      <Filter>Level\Town</Filter>
    </ClInclude>
    <ClInclude Include="TownSecondFloorMiddle.h">
      <Filter>Level\Town</Filter>
    </ClInclude>
    <ClInclude Include="TitleBird.h">
      <Filter>Level\Title</Filter>
    </ClInclude>
    <ClInclude Include="TownBuilding.h">
      <Filter>Level\Town</Filter>
    </ClInclude>
    <ClInclude Include="TownNPCBlackSmith.h">
      <Filter>Level\Town\NPC</Filter>
    </ClInclude>
    <ClInclude Include="TownNPCMerchant.h">
      <Filter>Level\Town\NPC</Filter>
    </ClInclude>
    <ClInclude Include="TownNPCCommander.h">
      <Filter>Level\Town\NPC</Filter>
    </ClInclude>
    <ClInclude Include="TownNPCBoutique.h">
      <Filter>Level\Town\NPC</Filter>
    </ClInclude>
    <ClInclude Include="TownNPCPistolMan.h">
      <Filter>Level\Town\NPC</Filter>
    </ClInclude>
    <ClInclude Include="TownNPCTemple.h">
      <Filter>Level\Town\NPC</Filter>
    </ClInclude>
  </ItemGroup>
  <ItemGroup>
    <Filter Include="Object">
      <UniqueIdentifier>{6fd140c5-aec2-4f40-ba65-ddb3d3a76f6c}</UniqueIdentifier>
    </Filter>
    <Filter Include="Level">
      <UniqueIdentifier>{440979d4-92a7-461b-8e15-b706be485bb8}</UniqueIdentifier>
    </Filter>
    <Filter Include="Global">
      <UniqueIdentifier>{47c50664-9f42-4f6a-bc56-f1deeb96158b}</UniqueIdentifier>
    </Filter>
    <Filter Include="Level\Title">
      <UniqueIdentifier>{f930fa9b-5ef3-4736-afe6-37b5cba4828c}</UniqueIdentifier>
    </Filter>
    <Filter Include="Level\Town">
      <UniqueIdentifier>{0a124edd-6bf7-4748-84ba-1c8fb514f910}</UniqueIdentifier>
    </Filter>
    <Filter Include="Object\Player">
      <UniqueIdentifier>{a9800554-a275-487f-8aa3-74ae6f3b05b6}</UniqueIdentifier>
    </Filter>
    <Filter Include="Level\Town\NPC">
      <UniqueIdentifier>{916a9076-a7b3-427a-9edb-f2fa5cba9238}</UniqueIdentifier>
    </Filter>
  </ItemGroup>
</Project>