<?xml version="1.0" encoding="utf-8"?>
<Project ToolsVersion="4.0" xmlns="http://schemas.microsoft.com/developer/msbuild/2003">
  <ItemGroup>
    <ClCompile Include="ContentsCore.cpp" />
    <ClCompile Include="PreCompile.cpp" />
    <ClCompile Include="PlayLevel.cpp">
      <Filter>Level</Filter>
    </ClCompile>
    <ClCompile Include="TitleLevel.cpp">
      <Filter>Level\Title</Filter>
    </ClCompile>
    <ClCompile Include="BackGround.cpp">
      <Filter>Object</Filter>
    </ClCompile>
    <ClCompile Include="BackCloud.cpp">
      <Filter>Level\Title</Filter>
    </ClCompile>
    <ClCompile Include="TownSky.cpp">
      <Filter>Level\Town</Filter>
    </ClCompile>
    <ClCompile Include="FrontCloud.cpp">
      <Filter>Level\Title</Filter>
    </ClCompile>
    <ClCompile Include="MainLogo.cpp">
      <Filter>Level\Title</Filter>
    </ClCompile>
    <ClCompile Include="TownLevel.cpp">
      <Filter>Level\Town</Filter>
    </ClCompile>
    <ClCompile Include="Player.cpp">
      <Filter>Object\Player</Filter>
    </ClCompile>
    <ClCompile Include="Player_State.cpp">
      <Filter>Object\Player</Filter>
    </ClCompile>
    <ClCompile Include="TitleBird.cpp">
      <Filter>Level\Title</Filter>
    </ClCompile>
    <ClCompile Include="TownNPCBlackSmith.cpp">
      <Filter>Level\Town\NPC</Filter>
    </ClCompile>
    <ClCompile Include="TownNPCMerchant.cpp">
      <Filter>Level\Town\NPC</Filter>
    </ClCompile>
    <ClCompile Include="TownNPCCommander.cpp">
      <Filter>Level\Town\NPC</Filter>
    </ClCompile>
    <ClCompile Include="TownNPCBoutique.cpp">
      <Filter>Level\Town\NPC</Filter>
    </ClCompile>
    <ClCompile Include="TownNPCPistolMan.cpp">
      <Filter>Level\Town\NPC</Filter>
    </ClCompile>
    <ClCompile Include="TownNPCTemple.cpp">
      <Filter>Level\Town\NPC</Filter>
    </ClCompile>
    <ClCompile Include="TownNPCBuilder.cpp">
      <Filter>Level\Town\NPC</Filter>
    </ClCompile>
    <ClCompile Include="DebugFloor.cpp">
      <Filter>Level\Town\Floor</Filter>
    </ClCompile>
    <ClCompile Include="TestMap.cpp">
      <Filter>Level\Town\Floor</Filter>
    </ClCompile>
    <ClCompile Include="TownFloor.cpp">
      <Filter>Level\Town\Floor</Filter>
    </ClCompile>
    <ClCompile Include="TownSecondFloorLeft.cpp">
      <Filter>Level\Town\Floor</Filter>
    </ClCompile>
    <ClCompile Include="TownSecondFloorMiddle.cpp">
      <Filter>Level\Town\Floor</Filter>
    </ClCompile>
    <ClCompile Include="TownSecondFloorRight.cpp">
      <Filter>Level\Town\Floor</Filter>
    </ClCompile>
    <ClCompile Include="TownBuilding.cpp">
      <Filter>Level\Town\Object</Filter>
    </ClCompile>
    <ClCompile Include="PlayActor.cpp" />
    <ClCompile Include="Level1F.cpp">
      <Filter>Level\Dungeon\Stage1F</Filter>
    </ClCompile>
    <ClCompile Include="Level1F_Floor1.cpp">
      <Filter>Level\Dungeon\Stage1F</Filter>
    </ClCompile>
    <ClCompile Include="TownDungeonIngurgitate.cpp">
      <Filter>Level\Town\NPC</Filter>
    </ClCompile>
    <ClCompile Include="TownDungeonTrigger.cpp">
      <Filter>Level\Town\Trigger</Filter>
    </ClCompile>
    <ClCompile Include="ShortSword.cpp">
      <Filter>Object\Weapon</Filter>
    </ClCompile>
    <ClCompile Include="BeforeBossEncounterLevel.cpp">
      <Filter>Level\Dungeon\Stage2F\BeforeBossEncounter</Filter>
    </ClCompile>
    <ClCompile Include="BossEncounterLevel.cpp">
      <Filter>Level\Dungeon\Stage2F\BossEncounter</Filter>
    </ClCompile>
    <ClCompile Include="BeforeBossEncounterFloor.cpp">
      <Filter>Level\Dungeon\Stage2F\BeforeBossEncounter</Filter>
    </ClCompile>
    <ClCompile Include="BossEncounterFloor.cpp">
      <Filter>Level\Dungeon\Stage2F\BossEncounter</Filter>
    </ClCompile>
    <ClCompile Include="FloorDoor.cpp">
      <Filter>Level\Dungeon\DungeonProp</Filter>
    </ClCompile>
    <ClCompile Include="DungeonMoveTrigger.cpp">
      <Filter>Level\Dungeon\Trigger</Filter>
    </ClCompile>
    <ClCompile Include="Level1F_Inn.cpp">
      <Filter>Level\Dungeon\Stage1F</Filter>
    </ClCompile>
    <ClCompile Include="Level1F_Inn_Floor.cpp">
      <Filter>Level\Dungeon\Stage1F</Filter>
    </ClCompile>
    <ClCompile Include="Level1F_Shop.cpp">
      <Filter>Level\Dungeon\Stage1F</Filter>
    </ClCompile>
    <ClCompile Include="Level1F_Shop_Floor.cpp">
      <Filter>Level\Dungeon\Stage1F</Filter>
    </ClCompile>
    <ClCompile Include="DungeonNPCInn.cpp">
      <Filter>Level\Dungeon\NPC</Filter>
    </ClCompile>
    <ClCompile Include="DungeonBuildingInn.cpp">
      <Filter>Level\Dungeon\Building</Filter>
    </ClCompile>
    <ClCompile Include="DungeonMap.cpp">
      <Filter>Level\Dungeon\Global</Filter>
    </ClCompile>
    <ClCompile Include="DungeonBuildingShop.cpp">
      <Filter>Level\Dungeon\Building</Filter>
    </ClCompile>
    <ClCompile Include="DungeonNPCGiant.cpp">
      <Filter>Level\Dungeon\NPC</Filter>
    </ClCompile>
    <ClCompile Include="AfterBossEncounterLevel.cpp">
      <Filter>Level\Dungeon\Stage2F\AfterBossEncounter</Filter>
    </ClCompile>
    <ClCompile Include="AfterBossEncounterFloor.cpp">
      <Filter>Level\Dungeon\Stage2F\AfterBossEncounter</Filter>
    </ClCompile>
    <ClCompile Include="DownDoor.cpp">
      <Filter>Level\Dungeon\DungeonProp</Filter>
    </ClCompile>
    <ClCompile Include="Level1F_1.cpp">
      <Filter>Level\Dungeon\Stage1F</Filter>
    </ClCompile>
    <ClCompile Include="Level1F_1_Floor.cpp">
      <Filter>Level\Dungeon\Stage1F</Filter>
    </ClCompile>
    <ClCompile Include="Level1F_2.cpp">
      <Filter>Level\Dungeon\Stage1F</Filter>
    </ClCompile>
    <ClCompile Include="Level1F_2_Floor.cpp">
      <Filter>Level\Dungeon\Stage1F</Filter>
    </ClCompile>
    <ClCompile Include="Level1F_3.cpp">
      <Filter>Level\Dungeon\Stage1F</Filter>
    </ClCompile>
    <ClCompile Include="Level1F_3_Floor.cpp">
      <Filter>Level\Dungeon\Stage1F</Filter>
    </ClCompile>
    <ClCompile Include="Level1F_Last.cpp">
      <Filter>Level\Dungeon\Stage1F</Filter>
    </ClCompile>
    <ClCompile Include="Level1F_Last_Floor.cpp">
      <Filter>Level\Dungeon\Stage1F</Filter>
    </ClCompile>
    <ClCompile Include="Weapon.cpp">
      <Filter>Object\Weapon</Filter>
    </ClCompile>
    <ClCompile Include="HandCrossbow.cpp">
      <Filter>Object\Weapon</Filter>
    </ClCompile>
    <ClCompile Include="Arrow.cpp">
      <Filter>Object\Weapon</Filter>
    </ClCompile>
    <ClCompile Include="BigWhiteSkel.cpp">
      <Filter>Level\Dungeon\Monster\Ground</Filter>
    </ClCompile>
    <ClCompile Include="RustyGreatSwordSkel.cpp">
      <Filter>Level\Dungeon\Monster\Ground</Filter>
    </ClCompile>
    <ClCompile Include="RustyShortSwordSkel.cpp">
      <Filter>Level\Dungeon\Monster\Ground</Filter>
    </ClCompile>
    <ClCompile Include="LittleGhost.cpp">
      <Filter>Level\Dungeon\Monster\Air</Filter>
    </ClCompile>
    <ClCompile Include="ArcherSkel.cpp">
      <Filter>Level\Dungeon\Monster\Ground</Filter>
    </ClCompile>
    <ClCompile Include="OpeningLevel.cpp">
      <Filter>Level\Opening</Filter>
    </ClCompile>
    <ClCompile Include="EndingLevel.cpp">
      <Filter>Level\Ending</Filter>
    </ClCompile>
    <ClCompile Include="Banshee.cpp">
      <Filter>Level\Dungeon\Monster\Air</Filter>
    </ClCompile>
    <ClCompile Include="Minotaurs.cpp">
      <Filter>Level\Dungeon\Monster\Ground</Filter>
    </ClCompile>
    <ClCompile Include="TownDungeonEat.cpp">
      <Filter>Level\Town\NPC</Filter>
    </ClCompile>
    <ClCompile Include="BowArrow.cpp">
      <Filter>Level\Dungeon\Monster\Bullet</Filter>
    </ClCompile>
    <ClCompile Include="Belial.cpp">
      <Filter>Level\Dungeon\Stage2F\Boss</Filter>
    </ClCompile>
    <ClCompile Include="RedBat.cpp">
      <Filter>Level\Dungeon\Monster\Air</Filter>
    </ClCompile>
    <ClCompile Include="BlueBat.cpp">
      <Filter>Level\Dungeon\Monster\Air</Filter>
    </ClCompile>
    <ClCompile Include="SkelDog.cpp">
      <Filter>Level\Dungeon\Monster\Ground</Filter>
    </ClCompile>
    <ClCompile Include="BelialLeftHand.cpp">
      <Filter>Level\Dungeon\Stage2F\Boss</Filter>
    </ClCompile>
    <ClCompile Include="BelialRightHand.cpp">
      <Filter>Level\Dungeon\Stage2F\Boss</Filter>
    </ClCompile>
    <ClCompile Include="BelialSword.cpp">
      <Filter>Level\Dungeon\Stage2F\Boss</Filter>
    </ClCompile>
    <ClCompile Include="BelialBullet.cpp">
      <Filter>Level\Dungeon\Stage2F\Boss</Filter>
    </ClCompile>
    <ClCompile Include="BelialLeftHandLaserHead.cpp">
      <Filter>Level\Dungeon\Stage2F\Boss</Filter>
    </ClCompile>
    <ClCompile Include="BelialLeftHandLaserBody.cpp">
      <Filter>Level\Dungeon\Stage2F\Boss</Filter>
    </ClCompile>
    <ClCompile Include="BelialRightHandLaserHead.cpp">
      <Filter>Level\Dungeon\Stage2F\Boss</Filter>
    </ClCompile>
    <ClCompile Include="BelialRightHandLaserBody.cpp">
      <Filter>Level\Dungeon\Stage2F\Boss</Filter>
    </ClCompile>
    <ClCompile Include="BelialLaser.cpp">
      <Filter>Level\Dungeon\Stage2F\Boss</Filter>
    </ClCompile>
    <ClCompile Include="DungeonStele.cpp">
      <Filter>Level\Dungeon\Global</Filter>
    </ClCompile>
    <ClCompile Include="DungeonTorch.cpp">
      <Filter>Level\Dungeon\DungeonProp</Filter>
    </ClCompile>
    <ClCompile Include="GargoyleStatue.cpp">
      <Filter>Level\Dungeon\DungeonProp</Filter>
    </ClCompile>
    <ClCompile Include="PlayerLife.cpp">
      <Filter>UI</Filter>
    </ClCompile>
    <ClCompile Include="Monster.cpp">
      <Filter>Level\Dungeon\Monster</Filter>
    </ClCompile>
    <ClCompile Include="BansheeBullet.cpp">
      <Filter>Level\Dungeon\Monster\Bullet</Filter>
    </ClCompile>
  </ItemGroup>
  <ItemGroup>
    <ClInclude Include="ContentsCore.h" />
    <ClInclude Include="PreCompile.h" />
    <ClInclude Include="PlayLevel.h">
      <Filter>Level</Filter>
    </ClInclude>
    <ClInclude Include="ContentsEnum.h">
      <Filter>Global</Filter>
    </ClInclude>
    <ClInclude Include="TitleLevel.h">
      <Filter>Level\Title</Filter>
    </ClInclude>
    <ClInclude Include="BackGround.h">
      <Filter>Object</Filter>
    </ClInclude>
    <ClInclude Include="BackCloud.h">
      <Filter>Level\Title</Filter>
    </ClInclude>
    <ClInclude Include="TownSky.h">
      <Filter>Level\Town</Filter>
    </ClInclude>
    <ClInclude Include="FrontCloud.h">
      <Filter>Level\Title</Filter>
    </ClInclude>
    <ClInclude Include="MainLogo.h">
      <Filter>Level\Title</Filter>
    </ClInclude>
    <ClInclude Include="TownLevel.h">
      <Filter>Level\Town</Filter>
    </ClInclude>
    <ClInclude Include="Player.h">
      <Filter>Object\Player</Filter>
    </ClInclude>
    <ClInclude Include="TitleBird.h">
      <Filter>Level\Title</Filter>
    </ClInclude>
    <ClInclude Include="TownNPCBlackSmith.h">
      <Filter>Level\Town\NPC</Filter>
    </ClInclude>
    <ClInclude Include="TownNPCMerchant.h">
      <Filter>Level\Town\NPC</Filter>
    </ClInclude>
    <ClInclude Include="TownNPCCommander.h">
      <Filter>Level\Town\NPC</Filter>
    </ClInclude>
    <ClInclude Include="TownNPCBoutique.h">
      <Filter>Level\Town\NPC</Filter>
    </ClInclude>
    <ClInclude Include="TownNPCPistolMan.h">
      <Filter>Level\Town\NPC</Filter>
    </ClInclude>
    <ClInclude Include="TownNPCTemple.h">
      <Filter>Level\Town\NPC</Filter>
    </ClInclude>
    <ClInclude Include="TownNPCBuilder.h">
      <Filter>Level\Town\NPC</Filter>
    </ClInclude>
    <ClInclude Include="DebugFloor.h">
      <Filter>Level\Town\Floor</Filter>
    </ClInclude>
    <ClInclude Include="TestMap.h">
      <Filter>Level\Town\Floor</Filter>
    </ClInclude>
    <ClInclude Include="TownFloor.h">
      <Filter>Level\Town\Floor</Filter>
    </ClInclude>
    <ClInclude Include="TownSecondFloorLeft.h">
      <Filter>Level\Town\Floor</Filter>
    </ClInclude>
    <ClInclude Include="TownSecondFloorMiddle.h">
      <Filter>Level\Town\Floor</Filter>
    </ClInclude>
    <ClInclude Include="TownSecondFloorRight.h">
      <Filter>Level\Town\Floor</Filter>
    </ClInclude>
    <ClInclude Include="TownBuilding.h">
      <Filter>Level\Town\Object</Filter>
    </ClInclude>
    <ClInclude Include="PlayActor.h" />
    <ClInclude Include="Level1F.h">
      <Filter>Level\Dungeon\Stage1F</Filter>
    </ClInclude>
    <ClInclude Include="Level1F_Floor1.h">
      <Filter>Level\Dungeon\Stage1F</Filter>
    </ClInclude>
    <ClInclude Include="TownDungeonIngurgitate.h">
      <Filter>Level\Town\NPC</Filter>
    </ClInclude>
    <ClInclude Include="TownDungeonTrigger.h">
      <Filter>Level\Town\Trigger</Filter>
    </ClInclude>
    <ClInclude Include="ShortSword.h">
      <Filter>Object\Weapon</Filter>
    </ClInclude>
    <ClInclude Include="BeforeBossEncounterLevel.h">
      <Filter>Level\Dungeon\Stage2F\BeforeBossEncounter</Filter>
    </ClInclude>
    <ClInclude Include="BossEncounterLevel.h">
      <Filter>Level\Dungeon\Stage2F\BossEncounter</Filter>
    </ClInclude>
    <ClInclude Include="BeforeBossEncounterFloor.h">
      <Filter>Level\Dungeon\Stage2F\BeforeBossEncounter</Filter>
    </ClInclude>
    <ClInclude Include="BossEncounterFloor.h">
      <Filter>Level\Dungeon\Stage2F\BossEncounter</Filter>
    </ClInclude>
    <ClInclude Include="FloorDoor.h">
      <Filter>Level\Dungeon\DungeonProp</Filter>
    </ClInclude>
    <ClInclude Include="DungeonMoveTrigger.h">
      <Filter>Level\Dungeon\Trigger</Filter>
    </ClInclude>
    <ClInclude Include="Level1F_Inn.h">
      <Filter>Level\Dungeon\Stage1F</Filter>
    </ClInclude>
    <ClInclude Include="Level1F_Inn_Floor.h">
      <Filter>Level\Dungeon\Stage1F</Filter>
    </ClInclude>
    <ClInclude Include="Level1F_Shop.h">
      <Filter>Level\Dungeon\Stage1F</Filter>
    </ClInclude>
    <ClInclude Include="Level1F_Shop_Floor.h">
      <Filter>Level\Dungeon\Stage1F</Filter>
    </ClInclude>
    <ClInclude Include="DungeonNPCInn.h">
      <Filter>Level\Dungeon\NPC</Filter>
    </ClInclude>
    <ClInclude Include="DungeonBuildingInn.h">
      <Filter>Level\Dungeon\Building</Filter>
    </ClInclude>
    <ClInclude Include="DungeonMap.h">
      <Filter>Level\Dungeon\Global</Filter>
    </ClInclude>
    <ClInclude Include="DungeonBuildingShop.h">
      <Filter>Level\Dungeon\Building</Filter>
    </ClInclude>
    <ClInclude Include="DungeonNPCGiant.h">
      <Filter>Level\Dungeon\NPC</Filter>
    </ClInclude>
    <ClInclude Include="AfterBossEncounterLevel.h">
      <Filter>Level\Dungeon\Stage2F\AfterBossEncounter</Filter>
    </ClInclude>
    <ClInclude Include="AfterBossEncounterFloor.h">
      <Filter>Level\Dungeon\Stage2F\AfterBossEncounter</Filter>
    </ClInclude>
    <ClInclude Include="DownDoor.h">
      <Filter>Level\Dungeon\DungeonProp</Filter>
    </ClInclude>
    <ClInclude Include="Level1F_1.h">
      <Filter>Level\Dungeon\Stage1F</Filter>
    </ClInclude>
    <ClInclude Include="Level1F_1_Floor.h">
      <Filter>Level\Dungeon\Stage1F</Filter>
    </ClInclude>
    <ClInclude Include="Level1F_2.h">
      <Filter>Level\Dungeon\Stage1F</Filter>
    </ClInclude>
    <ClInclude Include="Level1F_2_Floor.h">
      <Filter>Level\Dungeon\Stage1F</Filter>
    </ClInclude>
    <ClInclude Include="Level1F_3.h">
      <Filter>Level\Dungeon\Stage1F</Filter>
    </ClInclude>
    <ClInclude Include="Level1F_3_Floor.h">
      <Filter>Level\Dungeon\Stage1F</Filter>
    </ClInclude>
    <ClInclude Include="Level1F_Last.h">
      <Filter>Level\Dungeon\Stage1F</Filter>
    </ClInclude>
    <ClInclude Include="Level1F_Last_Floor.h">
      <Filter>Level\Dungeon\Stage1F</Filter>
    </ClInclude>
    <ClInclude Include="Weapon.h">
      <Filter>Object\Weapon</Filter>
    </ClInclude>
    <ClInclude Include="HandCrossbow.h">
      <Filter>Object\Weapon</Filter>
    </ClInclude>
    <ClInclude Include="Arrow.h">
      <Filter>Object\Weapon</Filter>
    </ClInclude>
    <ClInclude Include="BigWhiteSkel.h">
      <Filter>Level\Dungeon\Monster\Ground</Filter>
    </ClInclude>
    <ClInclude Include="RustyGreatSwordSkel.h">
      <Filter>Level\Dungeon\Monster\Ground</Filter>
    </ClInclude>
    <ClInclude Include="RustyShortSwordSkel.h">
      <Filter>Level\Dungeon\Monster\Ground</Filter>
    </ClInclude>
    <ClInclude Include="LittleGhost.h">
      <Filter>Level\Dungeon\Monster\Air</Filter>
    </ClInclude>
    <ClInclude Include="ArcherSkel.h">
      <Filter>Level\Dungeon\Monster\Ground</Filter>
    </ClInclude>
    <ClInclude Include="OpeningLevel.h">
      <Filter>Level\Opening</Filter>
    </ClInclude>
    <ClInclude Include="EndingLevel.h">
      <Filter>Level\Ending</Filter>
    </ClInclude>
    <ClInclude Include="Banshee.h">
      <Filter>Level\Dungeon\Monster\Air</Filter>
    </ClInclude>
    <ClInclude Include="Minotaurs.h">
      <Filter>Level\Dungeon\Monster\Ground</Filter>
    </ClInclude>
    <ClInclude Include="TownDungeonEat.h">
      <Filter>Level\Town\NPC</Filter>
    </ClInclude>
    <ClInclude Include="BowArrow.h">
      <Filter>Level\Dungeon\Monster\Bullet</Filter>
    </ClInclude>
    <ClInclude Include="Belial.h">
      <Filter>Level\Dungeon\Stage2F\Boss</Filter>
    </ClInclude>
    <ClInclude Include="RedBat.h">
      <Filter>Level\Dungeon\Monster\Air</Filter>
    </ClInclude>
    <ClInclude Include="BlueBat.h">
      <Filter>Level\Dungeon\Monster\Air</Filter>
    </ClInclude>
    <ClInclude Include="SkelDog.h">
      <Filter>Level\Dungeon\Monster\Ground</Filter>
    </ClInclude>
    <ClInclude Include="BelialLeftHand.h">
      <Filter>Level\Dungeon\Stage2F\Boss</Filter>
    </ClInclude>
    <ClInclude Include="BelialRightHand.h">
      <Filter>Level\Dungeon\Stage2F\Boss</Filter>
    </ClInclude>
    <ClInclude Include="BelialSword.h">
      <Filter>Level\Dungeon\Stage2F\Boss</Filter>
    </ClInclude>
    <ClInclude Include="BelialBullet.h">
      <Filter>Level\Dungeon\Stage2F\Boss</Filter>
    </ClInclude>
    <ClInclude Include="BelialLeftHandLaserHead.h">
      <Filter>Level\Dungeon\Stage2F\Boss</Filter>
    </ClInclude>
    <ClInclude Include="BelialLeftHandLaserBody.h">
      <Filter>Level\Dungeon\Stage2F\Boss</Filter>
    </ClInclude>
    <ClInclude Include="BelialRightHandLaserHead.h">
      <Filter>Level\Dungeon\Stage2F\Boss</Filter>
    </ClInclude>
    <ClInclude Include="BelialRightHandLaserBody.h">
      <Filter>Level\Dungeon\Stage2F\Boss</Filter>
    </ClInclude>
    <ClInclude Include="BelialLaser.h">
      <Filter>Level\Dungeon\Stage2F\Boss</Filter>
    </ClInclude>
    <ClInclude Include="DungeonStele.h">
      <Filter>Level\Dungeon\Global</Filter>
    </ClInclude>
    <ClInclude Include="DungeonTorch.h">
      <Filter>Level\Dungeon\DungeonProp</Filter>
    </ClInclude>
    <ClInclude Include="GargoyleStatue.h">
      <Filter>Level\Dungeon\DungeonProp</Filter>
    </ClInclude>
    <ClInclude Include="PlayerLife.h">
      <Filter>UI</Filter>
    </ClInclude>
    <ClInclude Include="Monster.h">
      <Filter>Level\Dungeon\Monster</Filter>
    </ClInclude>
    <ClInclude Include="BansheeBullet.h">
      <Filter>Level\Dungeon\Monster\Bullet</Filter>
    </ClInclude>
  </ItemGroup>
  <ItemGroup>
    <Filter Include="Object">
      <UniqueIdentifier>{6fd140c5-aec2-4f40-ba65-ddb3d3a76f6c}</UniqueIdentifier>
    </Filter>
    <Filter Include="Level">
      <UniqueIdentifier>{440979d4-92a7-461b-8e15-b706be485bb8}</UniqueIdentifier>
    </Filter>
    <Filter Include="Global">
      <UniqueIdentifier>{47c50664-9f42-4f6a-bc56-f1deeb96158b}</UniqueIdentifier>
    </Filter>
    <Filter Include="Level\Title">
      <UniqueIdentifier>{f930fa9b-5ef3-4736-afe6-37b5cba4828c}</UniqueIdentifier>
    </Filter>
    <Filter Include="Level\Town">
      <UniqueIdentifier>{0a124edd-6bf7-4748-84ba-1c8fb514f910}</UniqueIdentifier>
    </Filter>
    <Filter Include="Object\Player">
      <UniqueIdentifier>{a9800554-a275-487f-8aa3-74ae6f3b05b6}</UniqueIdentifier>
    </Filter>
    <Filter Include="Level\Town\NPC">
      <UniqueIdentifier>{916a9076-a7b3-427a-9edb-f2fa5cba9238}</UniqueIdentifier>
    </Filter>
    <Filter Include="Level\Town\Floor">
      <UniqueIdentifier>{422ed723-88fa-40ad-8031-fbd043411681}</UniqueIdentifier>
    </Filter>
    <Filter Include="Level\Town\Object">
      <UniqueIdentifier>{2f7abd27-f06f-4a45-a4fe-3802f0cb78ee}</UniqueIdentifier>
    </Filter>
    <Filter Include="Level\Town\Trigger">
      <UniqueIdentifier>{c2ac737f-72e7-48b1-bf6a-731a7e6d03b9}</UniqueIdentifier>
    </Filter>
    <Filter Include="Level\Dungeon">
      <UniqueIdentifier>{e889f7c6-2df9-4829-89d9-36fd0bbf0e3f}</UniqueIdentifier>
    </Filter>
    <Filter Include="Level\Dungeon\Stage1F">
      <UniqueIdentifier>{a098b667-8fef-4d15-9862-7f8161fe820a}</UniqueIdentifier>
    </Filter>
    <Filter Include="Object\Weapon">
      <UniqueIdentifier>{436b7a20-cbb6-412a-80cc-d093464d5704}</UniqueIdentifier>
    </Filter>
    <Filter Include="Level\Dungeon\Stage2F">
      <UniqueIdentifier>{a6438f6e-f3b6-4beb-90e2-cee1cf7b09ef}</UniqueIdentifier>
    </Filter>
    <Filter Include="Level\Dungeon\Stage2F\BeforeBossEncounter">
      <UniqueIdentifier>{6b626e41-959d-42a6-b344-5dc47480a550}</UniqueIdentifier>
    </Filter>
    <Filter Include="Level\Dungeon\Stage2F\BossEncounter">
      <UniqueIdentifier>{a731e4d3-9dc8-440a-b79e-ae8c18dce797}</UniqueIdentifier>
    </Filter>
    <Filter Include="Level\Dungeon\DungeonProp">
      <UniqueIdentifier>{4fa64143-4c9d-4f01-8077-8191f6f7adad}</UniqueIdentifier>
    </Filter>
    <Filter Include="Level\Dungeon\Trigger">
      <UniqueIdentifier>{c4b9e120-0471-473c-ba4c-3f0230bd8a63}</UniqueIdentifier>
    </Filter>
    <Filter Include="Level\Dungeon\NPC">
      <UniqueIdentifier>{2aa765ed-af09-4d4e-9f75-ccbea6ec1ccf}</UniqueIdentifier>
    </Filter>
    <Filter Include="Level\Dungeon\Building">
      <UniqueIdentifier>{de0cfe3d-3685-4ee5-8063-4d3121fe3b97}</UniqueIdentifier>
    </Filter>
    <Filter Include="Level\Dungeon\Global">
      <UniqueIdentifier>{4d184c28-2b54-4817-bb76-c908d7297600}</UniqueIdentifier>
    </Filter>
    <Filter Include="Level\Dungeon\Stage2F\AfterBossEncounter">
      <UniqueIdentifier>{86ea3889-4d5f-4f68-893b-a8c56aac04f0}</UniqueIdentifier>
    </Filter>
    <Filter Include="Level\Dungeon\Monster">
      <UniqueIdentifier>{5ef727f6-86b1-45e5-b3ed-0e8cff4abcc5}</UniqueIdentifier>
    </Filter>
    <Filter Include="Level\Dungeon\Monster\Ground">
      <UniqueIdentifier>{ef4ff87f-5346-4345-8dcf-0971af5f30ff}</UniqueIdentifier>
    </Filter>
    <Filter Include="Level\Dungeon\Monster\Air">
      <UniqueIdentifier>{5adedbb2-8a42-4259-81b2-11854e08f32f}</UniqueIdentifier>
    </Filter>
    <Filter Include="Level\Opening">
      <UniqueIdentifier>{5fc33448-656a-49cb-86ca-aa0b890333b9}</UniqueIdentifier>
    </Filter>
    <Filter Include="Level\Ending">
      <UniqueIdentifier>{243919b1-e459-4183-ba4a-2b2e36f7b31a}</UniqueIdentifier>
    </Filter>
    <Filter Include="Level\Dungeon\Monster\Bullet">
      <UniqueIdentifier>{fc98c6ee-8b53-49af-9f7a-355fe7672df7}</UniqueIdentifier>
    </Filter>
    <Filter Include="Level\Dungeon\Stage2F\Boss">
      <UniqueIdentifier>{cf0d0766-6035-43f6-bfdb-7371c1797f9c}</UniqueIdentifier>
    </Filter>
    <Filter Include="UI">
      <UniqueIdentifier>{b7687ae4-4390-40b5-9e3a-4dd844787d98}</UniqueIdentifier>
    </Filter>
  </ItemGroup>
</Project>